
Microsoft Visual Studio Solution File, Format Version 12.00
# Visual Studio Version 17
VisualStudioVersion = 17.11.35327.3
MinimumVisualStudioVersion = 10.0.40219.1
Project("{9A19103F-16F7-4668-BE54-9A1E7A4F7556}") = "Demo.PresnationLayer", "Demo.PresnationLayer\Demo.PresnationLayer.csproj", "{A578E539-E53E-48B9-8FC3-87B0F01C1FAC}"
EndProject
Project("{FAE04EC0-301F-11D3-BF4B-00C04F79EFBC}") = "Demo.DataAcessLayer", "Demo.DataAcessLayer\Demo.DataAcessLayer.csproj", "{6C0A37C3-1BC6-416E-932A-2E01796DD25F}"
EndProject
Project("{FAE04EC0-301F-11D3-BF4B-00C04F79EFBC}") = "Demo.BuniessLogicLayer", "Demo.BuniessLogicLayer\Demo.BuniessLogicLayer.csproj", "{E3F98F25-37D4-4A42-8499-59219CCA9D58}"
EndProject
Global
	GlobalSection(SolutionConfigurationPlatforms) = preSolution
		Debug|Any CPU = Debug|Any CPU
		Release|Any CPU = Release|Any CPU
	EndGlobalSection
	GlobalSection(ProjectConfigurationPlatforms) = postSolution
		{A578E539-E53E-48B9-8FC3-87B0F01C1FAC}.Debug|Any CPU.ActiveCfg = Debug|Any CPU
		{A578E539-E53E-48B9-8FC3-87B0F01C1FAC}.Debug|Any CPU.Build.0 = Debug|Any CPU
		{A578E539-E53E-48B9-8FC3-87B0F01C1FAC}.Release|Any CPU.ActiveCfg = Release|Any CPU
		{A578E539-E53E-48B9-8FC3-87B0F01C1FAC}.Release|Any CPU.Build.0 = Release|Any CPU
		{6C0A37C3-1BC6-416E-932A-2E01796DD25F}.Debug|Any CPU.ActiveCfg = Debug|Any CPU
		{6C0A37C3-1BC6-416E-932A-2E01796DD25F}.Debug|Any CPU.Build.0 = Debug|Any CPU
		{6C0A37C3-1BC6-416E-932A-2E01796DD25F}.Release|Any CPU.ActiveCfg = Release|Any CPU
		{6C0A37C3-1BC6-416E-932A-2E01796DD25F}.Release|Any CPU.Build.0 = Release|Any CPU
		{E3F98F25-37D4-4A42-8499-59219CCA9D58}.Debug|Any CPU.ActiveCfg = Debug|Any CPU
		{E3F98F25-37D4-4A42-8499-59219CCA9D58}.Debug|Any CPU.Build.0 = Debug|Any CPU
		{E3F98F25-37D4-4A42-8499-59219CCA9D58}.Release|Any CPU.ActiveCfg = Release|Any CPU
		{E3F98F25-37D4-4A42-8499-59219CCA9D58}.Release|Any CPU.Build.0 = Release|Any CPU
	EndGlobalSection
	GlobalSection(SolutionProperties) = preSolution
		HideSolutionNode = FALSE
	EndGlobalSection
	GlobalSection(ExtensibilityGlobals) = postSolution
		SolutionGuid = {1FC13681-9BB4-4DF2-86B1-EA4056E29495}
	EndGlobalSection
EndGlobal
